
Microsoft Visual Studio Solution File, Format Version 12.00
# Visual Studio Version 17
VisualStudioVersion = 17.4.33205.214
MinimumVisualStudioVersion = 10.0.40219.1
Project("{FAE04EC0-301F-11D3-BF4B-00C04F79EFBC}") = "App_arreglos_personas_CWF", "App_arreglos_personas_CWF\App_arreglos_personas_CWF.csproj", "{B2BCC9BF-A4FC-4207-9884-D02F14FCDE7A}"
EndProject
Global
	GlobalSection(SolutionConfigurationPlatforms) = preSolution
		Debug|Any CPU = Debug|Any CPU
		Release|Any CPU = Release|Any CPU
	EndGlobalSection
	GlobalSection(ProjectConfigurationPlatforms) = postSolution
		{B2BCC9BF-A4FC-4207-9884-D02F14FCDE7A}.Debug|Any CPU.ActiveCfg = Debug|Any CPU
		{B2BCC9BF-A4FC-4207-9884-D02F14FCDE7A}.Debug|Any CPU.Build.0 = Debug|Any CPU
		{B2BCC9BF-A4FC-4207-9884-D02F14FCDE7A}.Release|Any CPU.ActiveCfg = Release|Any CPU
		{B2BCC9BF-A4FC-4207-9884-D02F14FCDE7A}.Release|Any CPU.Build.0 = Release|Any CPU
	EndGlobalSection
	GlobalSection(SolutionProperties) = preSolution
		HideSolutionNode = FALSE
	EndGlobalSection
	GlobalSection(ExtensibilityGlobals) = postSolution
		SolutionGuid = {FA6A756D-7F02-4984-B0E6-56B10117CE00}
	EndGlobalSection
EndGlobal
